// !$*UTF8*$!
{
	archiveVersion = 1;
	classes = {
	};
	objectVersion = 56;
	objects = {

/* Begin PBXBuildFile section */
		9E6712C52A23446300D8FF72 /* PlayerTime.swift in Sources */ = {isa = PBXBuildFile; fileRef = 9E6712C42A23446300D8FF72 /* PlayerTime.swift */; };
		9E6712C72A2345D500D8FF72 /* TimeConstant.swift in Sources */ = {isa = PBXBuildFile; fileRef = 9E6712C62A2345D500D8FF72 /* TimeConstant.swift */; };
		9E6712CB2A2393F200D8FF72 /* karma-police.mp3 in Resources */ = {isa = PBXBuildFile; fileRef = 9E6712CA2A2393F200D8FF72 /* karma-police.mp3 */; };
		9E8FAD0C2A2200DF0069446B /* AppDelegate.swift in Sources */ = {isa = PBXBuildFile; fileRef = 9E8FAD0B2A2200DF0069446B /* AppDelegate.swift */; };
		9E8FAD0E2A2200DF0069446B /* SceneDelegate.swift in Sources */ = {isa = PBXBuildFile; fileRef = 9E8FAD0D2A2200DF0069446B /* SceneDelegate.swift */; };
		9E8FAD102A2200DF0069446B /* MainViewController.swift in Sources */ = {isa = PBXBuildFile; fileRef = 9E8FAD0F2A2200DF0069446B /* MainViewController.swift */; };
		9E8FAD152A2200E00069446B /* Assets.xcassets in Resources */ = {isa = PBXBuildFile; fileRef = 9E8FAD142A2200E00069446B /* Assets.xcassets */; };
		9E8FAD182A2200E00069446B /* LaunchScreen.storyboard in Resources */ = {isa = PBXBuildFile; fileRef = 9E8FAD162A2200E00069446B /* LaunchScreen.storyboard */; };
		9E8FAD242A2202610069446B /* UIColor+Extensions.swift in Sources */ = {isa = PBXBuildFile; fileRef = 9E8FAD232A2202610069446B /* UIColor+Extensions.swift */; };
		9E8FAD272A22031D0069446B /* SnapKit in Frameworks */ = {isa = PBXBuildFile; productRef = 9E8FAD262A22031D0069446B /* SnapKit */; };
		9E8FAD2A2A22033E0069446B /* RxCocoa in Frameworks */ = {isa = PBXBuildFile; productRef = 9E8FAD292A22033E0069446B /* RxCocoa */; };
		9E8FAD2C2A22033E0069446B /* RxRelay in Frameworks */ = {isa = PBXBuildFile; productRef = 9E8FAD2B2A22033E0069446B /* RxRelay */; };
		9E8FAD2E2A22033E0069446B /* RxSwift in Frameworks */ = {isa = PBXBuildFile; productRef = 9E8FAD2D2A22033E0069446B /* RxSwift */; };
		9E8FAD332A22045D0069446B /* MainViewModel.swift in Sources */ = {isa = PBXBuildFile; fileRef = 9E8FAD322A22045D0069446B /* MainViewModel.swift */; };
		9E8FAD352A22053E0069446B /* CustomCell.swift in Sources */ = {isa = PBXBuildFile; fileRef = 9E8FAD342A22053E0069446B /* CustomCell.swift */; };
		9E8FAD372A2205950069446B /* ReuseIdentifiable.swift in Sources */ = {isa = PBXBuildFile; fileRef = 9E8FAD362A2205950069446B /* ReuseIdentifiable.swift */; };
		9E8FAD3A2A2209440069446B /* Track.swift in Sources */ = {isa = PBXBuildFile; fileRef = 9E8FAD392A2209440069446B /* Track.swift */; };
		9E8FAD3C2A220C6D0069446B /* PlayerViewController.swift in Sources */ = {isa = PBXBuildFile; fileRef = 9E8FAD3B2A220C6D0069446B /* PlayerViewController.swift */; };
		9E8FAD402A2225E40069446B /* UIView+Extensions.swift in Sources */ = {isa = PBXBuildFile; fileRef = 9E8FAD3F2A2225E40069446B /* UIView+Extensions.swift */; };
		9E8FAD542A223EE00069446B /* the-unforgiven.mp3 in Resources */ = {isa = PBXBuildFile; fileRef = 9E8FAD532A223EE00069446B /* the-unforgiven.mp3 */; };
		9E8FAD562A223F680069446B /* thela-hun-ginjeet.mp3 in Resources */ = {isa = PBXBuildFile; fileRef = 9E8FAD552A223F680069446B /* thela-hun-ginjeet.mp3 */; };
		9E8FAD582A2240840069446B /* darkness.mp3 in Resources */ = {isa = PBXBuildFile; fileRef = 9E8FAD572A2240840069446B /* darkness.mp3 */; };
/* End PBXBuildFile section */

/* Begin PBXFileReference section */
		9E6712C42A23446300D8FF72 /* PlayerTime.swift */ = {isa = PBXFileReference; fileEncoding = 4; lastKnownFileType = sourcecode.swift; path = PlayerTime.swift; sourceTree = "<group>"; };
		9E6712C62A2345D500D8FF72 /* TimeConstant.swift */ = {isa = PBXFileReference; fileEncoding = 4; lastKnownFileType = sourcecode.swift; path = TimeConstant.swift; sourceTree = "<group>"; };
		9E6712CA2A2393F200D8FF72 /* karma-police.mp3 */ = {isa = PBXFileReference; lastKnownFileType = audio.mp3; name = "karma-police.mp3"; path = "Resourses/karma-police.mp3"; sourceTree = SOURCE_ROOT; };
		9E8FAD082A2200DF0069446B /* MusicPlayer.app */ = {isa = PBXFileReference; explicitFileType = wrapper.application; includeInIndex = 0; path = MusicPlayer.app; sourceTree = BUILT_PRODUCTS_DIR; };
		9E8FAD0B2A2200DF0069446B /* AppDelegate.swift */ = {isa = PBXFileReference; lastKnownFileType = sourcecode.swift; path = AppDelegate.swift; sourceTree = "<group>"; };
		9E8FAD0D2A2200DF0069446B /* SceneDelegate.swift */ = {isa = PBXFileReference; lastKnownFileType = sourcecode.swift; path = SceneDelegate.swift; sourceTree = "<group>"; };
		9E8FAD0F2A2200DF0069446B /* MainViewController.swift */ = {isa = PBXFileReference; lastKnownFileType = sourcecode.swift; path = MainViewController.swift; sourceTree = "<group>"; };
		9E8FAD142A2200E00069446B /* Assets.xcassets */ = {isa = PBXFileReference; lastKnownFileType = folder.assetcatalog; path = Assets.xcassets; sourceTree = "<group>"; };
		9E8FAD172A2200E00069446B /* Base */ = {isa = PBXFileReference; lastKnownFileType = file.storyboard; name = Base; path = Base.lproj/LaunchScreen.storyboard; sourceTree = "<group>"; };
		9E8FAD192A2200E00069446B /* Info.plist */ = {isa = PBXFileReference; lastKnownFileType = text.plist.xml; path = Info.plist; sourceTree = "<group>"; };
		9E8FAD232A2202610069446B /* UIColor+Extensions.swift */ = {isa = PBXFileReference; lastKnownFileType = sourcecode.swift; path = "UIColor+Extensions.swift"; sourceTree = "<group>"; };
		9E8FAD322A22045D0069446B /* MainViewModel.swift */ = {isa = PBXFileReference; lastKnownFileType = sourcecode.swift; path = MainViewModel.swift; sourceTree = "<group>"; };
		9E8FAD342A22053E0069446B /* CustomCell.swift */ = {isa = PBXFileReference; lastKnownFileType = sourcecode.swift; path = CustomCell.swift; sourceTree = "<group>"; };
		9E8FAD362A2205950069446B /* ReuseIdentifiable.swift */ = {isa = PBXFileReference; fileEncoding = 4; lastKnownFileType = sourcecode.swift; path = ReuseIdentifiable.swift; sourceTree = "<group>"; };
		9E8FAD392A2209440069446B /* Track.swift */ = {isa = PBXFileReference; lastKnownFileType = sourcecode.swift; path = Track.swift; sourceTree = "<group>"; };
		9E8FAD3B2A220C6D0069446B /* PlayerViewController.swift */ = {isa = PBXFileReference; lastKnownFileType = sourcecode.swift; path = PlayerViewController.swift; sourceTree = "<group>"; };
		9E8FAD3F2A2225E40069446B /* UIView+Extensions.swift */ = {isa = PBXFileReference; lastKnownFileType = sourcecode.swift; path = "UIView+Extensions.swift"; sourceTree = "<group>"; };
		9E8FAD532A223EE00069446B /* the-unforgiven.mp3 */ = {isa = PBXFileReference; lastKnownFileType = audio.mp3; name = "the-unforgiven.mp3"; path = "Resourses/the-unforgiven.mp3"; sourceTree = SOURCE_ROOT; };
		9E8FAD552A223F680069446B /* thela-hun-ginjeet.mp3 */ = {isa = PBXFileReference; lastKnownFileType = audio.mp3; name = "thela-hun-ginjeet.mp3"; path = "Resourses/thela-hun-ginjeet.mp3"; sourceTree = SOURCE_ROOT; };
		9E8FAD572A2240840069446B /* darkness.mp3 */ = {isa = PBXFileReference; lastKnownFileType = audio.mp3; name = darkness.mp3; path = Resourses/darkness.mp3; sourceTree = SOURCE_ROOT; };
/* End PBXFileReference section */

/* Begin PBXFrameworksBuildPhase section */
		9E8FAD052A2200DF0069446B /* Frameworks */ = {
			isa = PBXFrameworksBuildPhase;
			buildActionMask = 2147483647;
			files = (
				9E8FAD2C2A22033E0069446B /* RxRelay in Frameworks */,
				9E8FAD2A2A22033E0069446B /* RxCocoa in Frameworks */,
				9E8FAD2E2A22033E0069446B /* RxSwift in Frameworks */,
				9E8FAD272A22031D0069446B /* SnapKit in Frameworks */,
			);
			runOnlyForDeploymentPostprocessing = 0;
		};
/* End PBXFrameworksBuildPhase section */

/* Begin PBXGroup section */
		9E8FACFF2A2200DF0069446B = {
			isa = PBXGroup;
			children = (
				9E8FAD0A2A2200DF0069446B /* MusicPlayer */,
				9E8FAD092A2200DF0069446B /* Products */,
			);
			sourceTree = "<group>";
		};
		9E8FAD092A2200DF0069446B /* Products */ = {
			isa = PBXGroup;
			children = (
				9E8FAD082A2200DF0069446B /* MusicPlayer.app */,
			);
			name = Products;
			sourceTree = "<group>";
		};
		9E8FAD0A2A2200DF0069446B /* MusicPlayer */ = {
			isa = PBXGroup;
			children = (
				9E8FAD382A22093A0069446B /* Models */,
				9E8FAD302A2203BA0069446B /* Audio */,
				9E8FAD222A22024F0069446B /* Utilities */,
				9E8FAD212A2201250069446B /* ViewModels */,
				9E8FAD202A2201140069446B /* Views */,
				9E8FAD1F2A22010A0069446B /* Supporting */,
				9E8FAD192A2200E00069446B /* Info.plist */,
			);
			path = MusicPlayer;
			sourceTree = "<group>";
		};
		9E8FAD1F2A22010A0069446B /* Supporting */ = {
			isa = PBXGroup;
			children = (
				9E8FAD0D2A2200DF0069446B /* SceneDelegate.swift */,
				9E8FAD162A2200E00069446B /* LaunchScreen.storyboard */,
				9E8FAD142A2200E00069446B /* Assets.xcassets */,
				9E8FAD0B2A2200DF0069446B /* AppDelegate.swift */,
			);
			path = Supporting;
			sourceTree = "<group>";
		};
		9E8FAD202A2201140069446B /* Views */ = {
			isa = PBXGroup;
			children = (
				9E8FAD0F2A2200DF0069446B /* MainViewController.swift */,
				9E8FAD342A22053E0069446B /* CustomCell.swift */,
				9E8FAD3B2A220C6D0069446B /* PlayerViewController.swift */,
			);
			path = Views;
			sourceTree = "<group>";
		};
		9E8FAD212A2201250069446B /* ViewModels */ = {
			isa = PBXGroup;
			children = (
				9E8FAD322A22045D0069446B /* MainViewModel.swift */,
			);
			path = ViewModels;
			sourceTree = "<group>";
		};
		9E8FAD222A22024F0069446B /* Utilities */ = {
			isa = PBXGroup;
			children = (
				9E8FAD362A2205950069446B /* ReuseIdentifiable.swift */,
				9E8FAD232A2202610069446B /* UIColor+Extensions.swift */,
				9E8FAD3F2A2225E40069446B /* UIView+Extensions.swift */,
			);
			path = Utilities;
			sourceTree = "<group>";
		};
		9E8FAD302A2203BA0069446B /* Audio */ = {
			isa = PBXGroup;
			children = (
				9E8FAD552A223F680069446B /* thela-hun-ginjeet.mp3 */,
				9E8FAD572A2240840069446B /* darkness.mp3 */,
				9E6712CA2A2393F200D8FF72 /* karma-police.mp3 */,
				9E8FAD532A223EE00069446B /* the-unforgiven.mp3 */,
			);
			path = Audio;
			sourceTree = "<group>";
		};
		9E8FAD382A22093A0069446B /* Models */ = {
			isa = PBXGroup;
			children = (
				9E6712C42A23446300D8FF72 /* PlayerTime.swift */,
				9E6712C62A2345D500D8FF72 /* TimeConstant.swift */,
				9E8FAD392A2209440069446B /* Track.swift */,
			);
			path = Models;
			sourceTree = "<group>";
		};
/* End PBXGroup section */

/* Begin PBXNativeTarget section */
		9E8FAD072A2200DF0069446B /* MusicPlayer */ = {
			isa = PBXNativeTarget;
			buildConfigurationList = 9E8FAD1C2A2200E00069446B /* Build configuration list for PBXNativeTarget "MusicPlayer" */;
			buildPhases = (
				9E8FAD042A2200DF0069446B /* Sources */,
				9E8FAD052A2200DF0069446B /* Frameworks */,
				9E8FAD062A2200DF0069446B /* Resources */,
			);
			buildRules = (
			);
			dependencies = (
			);
			name = MusicPlayer;
			packageProductDependencies = (
				9E8FAD262A22031D0069446B /* SnapKit */,
				9E8FAD292A22033E0069446B /* RxCocoa */,
				9E8FAD2B2A22033E0069446B /* RxRelay */,
				9E8FAD2D2A22033E0069446B /* RxSwift */,
			);
			productName = MusicPlayer;
			productReference = 9E8FAD082A2200DF0069446B /* MusicPlayer.app */;
			productType = "com.apple.product-type.application";
		};
/* End PBXNativeTarget section */

/* Begin PBXProject section */
		9E8FAD002A2200DF0069446B /* Project object */ = {
			isa = PBXProject;
			attributes = {
				BuildIndependentTargetsInParallel = 1;
				LastSwiftUpdateCheck = 1420;
				LastUpgradeCheck = 1420;
				TargetAttributes = {
					9E8FAD072A2200DF0069446B = {
						CreatedOnToolsVersion = 14.2;
					};
				};
			};
			buildConfigurationList = 9E8FAD032A2200DF0069446B /* Build configuration list for PBXProject "MusicPlayer" */;
			compatibilityVersion = "Xcode 14.0";
			developmentRegion = en;
			hasScannedForEncodings = 0;
			knownRegions = (
				en,
				Base,
			);
			mainGroup = 9E8FACFF2A2200DF0069446B;
			packageReferences = (
				9E8FAD252A22031D0069446B /* XCRemoteSwiftPackageReference "SnapKit" */,
				9E8FAD282A22033E0069446B /* XCRemoteSwiftPackageReference "RxSwift" */,
			);
			productRefGroup = 9E8FAD092A2200DF0069446B /* Products */;
			projectDirPath = "";
			projectRoot = "";
			targets = (
				9E8FAD072A2200DF0069446B /* MusicPlayer */,
			);
		};
/* End PBXProject section */

/* Begin PBXResourcesBuildPhase section */
		9E8FAD062A2200DF0069446B /* Resources */ = {
			isa = PBXResourcesBuildPhase;
			buildActionMask = 2147483647;
			files = (
				9E8FAD562A223F680069446B /* thela-hun-ginjeet.mp3 in Resources */,
				9E8FAD542A223EE00069446B /* the-unforgiven.mp3 in Resources */,
				9E8FAD182A2200E00069446B /* LaunchScreen.storyboard in Resources */,
				9E6712CB2A2393F200D8FF72 /* karma-police.mp3 in Resources */,
				9E8FAD152A2200E00069446B /* Assets.xcassets in Resources */,
				9E8FAD582A2240840069446B /* darkness.mp3 in Resources */,
			);
			runOnlyForDeploymentPostprocessing = 0;
		};
/* End PBXResourcesBuildPhase section */

/* Begin PBXSourcesBuildPhase section */
		9E8FAD042A2200DF0069446B /* Sources */ = {
			isa = PBXSourcesBuildPhase;
			buildActionMask = 2147483647;
			files = (
				9E8FAD332A22045D0069446B /* MainViewModel.swift in Sources */,
				9E6712C52A23446300D8FF72 /* PlayerTime.swift in Sources */,
				9E6712C72A2345D500D8FF72 /* TimeConstant.swift in Sources */,
				9E8FAD372A2205950069446B /* ReuseIdentifiable.swift in Sources */,
				9E8FAD402A2225E40069446B /* UIView+Extensions.swift in Sources */,
				9E8FAD102A2200DF0069446B /* MainViewController.swift in Sources */,
				9E8FAD3A2A2209440069446B /* Track.swift in Sources */,
				9E8FAD0C2A2200DF0069446B /* AppDelegate.swift in Sources */,
				9E8FAD3C2A220C6D0069446B /* PlayerViewController.swift in Sources */,
				9E8FAD0E2A2200DF0069446B /* SceneDelegate.swift in Sources */,
				9E8FAD352A22053E0069446B /* CustomCell.swift in Sources */,
				9E8FAD242A2202610069446B /* UIColor+Extensions.swift in Sources */,
			);
			runOnlyForDeploymentPostprocessing = 0;
		};
/* End PBXSourcesBuildPhase section */

/* Begin PBXVariantGroup section */
		9E8FAD162A2200E00069446B /* LaunchScreen.storyboard */ = {
			isa = PBXVariantGroup;
			children = (
				9E8FAD172A2200E00069446B /* Base */,
			);
			name = LaunchScreen.storyboard;
			sourceTree = "<group>";
		};
/* End PBXVariantGroup section */

/* Begin XCBuildConfiguration section */
		9E8FAD1A2A2200E00069446B /* Debug */ = {
			isa = XCBuildConfiguration;
			buildSettings = {
				ALWAYS_SEARCH_USER_PATHS = NO;
				CLANG_ANALYZER_NONNULL = YES;
				CLANG_ANALYZER_NUMBER_OBJECT_CONVERSION = YES_AGGRESSIVE;
				CLANG_CXX_LANGUAGE_STANDARD = "gnu++20";
				CLANG_ENABLE_MODULES = YES;
				CLANG_ENABLE_OBJC_ARC = YES;
				CLANG_ENABLE_OBJC_WEAK = YES;
				CLANG_WARN_BLOCK_CAPTURE_AUTORELEASING = YES;
				CLANG_WARN_BOOL_CONVERSION = YES;
				CLANG_WARN_COMMA = YES;
				CLANG_WARN_CONSTANT_CONVERSION = YES;
				CLANG_WARN_DEPRECATED_OBJC_IMPLEMENTATIONS = YES;
				CLANG_WARN_DIRECT_OBJC_ISA_USAGE = YES_ERROR;
				CLANG_WARN_DOCUMENTATION_COMMENTS = YES;
				CLANG_WARN_EMPTY_BODY = YES;
				CLANG_WARN_ENUM_CONVERSION = YES;
				CLANG_WARN_INFINITE_RECURSION = YES;
				CLANG_WARN_INT_CONVERSION = YES;
				CLANG_WARN_NON_LITERAL_NULL_CONVERSION = YES;
				CLANG_WARN_OBJC_IMPLICIT_RETAIN_SELF = YES;
				CLANG_WARN_OBJC_LITERAL_CONVERSION = YES;
				CLANG_WARN_OBJC_ROOT_CLASS = YES_ERROR;
				CLANG_WARN_QUOTED_INCLUDE_IN_FRAMEWORK_HEADER = YES;
				CLANG_WARN_RANGE_LOOP_ANALYSIS = YES;
				CLANG_WARN_STRICT_PROTOTYPES = YES;
				CLANG_WARN_SUSPICIOUS_MOVE = YES;
				CLANG_WARN_UNGUARDED_AVAILABILITY = YES_AGGRESSIVE;
				CLANG_WARN_UNREACHABLE_CODE = YES;
				CLANG_WARN__DUPLICATE_METHOD_MATCH = YES;
				COPY_PHASE_STRIP = NO;
				DEBUG_INFORMATION_FORMAT = dwarf;
				ENABLE_STRICT_OBJC_MSGSEND = YES;
				ENABLE_TESTABILITY = YES;
				GCC_C_LANGUAGE_STANDARD = gnu11;
				GCC_DYNAMIC_NO_PIC = NO;
				GCC_NO_COMMON_BLOCKS = YES;
				GCC_OPTIMIZATION_LEVEL = 0;
				GCC_PREPROCESSOR_DEFINITIONS = (
					"DEBUG=1",
					"$(inherited)",
				);
				GCC_WARN_64_TO_32_BIT_CONVERSION = YES;
				GCC_WARN_ABOUT_RETURN_TYPE = YES_ERROR;
				GCC_WARN_UNDECLARED_SELECTOR = YES;
				GCC_WARN_UNINITIALIZED_AUTOS = YES_AGGRESSIVE;
				GCC_WARN_UNUSED_FUNCTION = YES;
				GCC_WARN_UNUSED_VARIABLE = YES;
				IPHONEOS_DEPLOYMENT_TARGET = 16.2;
				MTL_ENABLE_DEBUG_INFO = INCLUDE_SOURCE;
				MTL_FAST_MATH = YES;
				ONLY_ACTIVE_ARCH = YES;
				SDKROOT = iphoneos;
				SWIFT_ACTIVE_COMPILATION_CONDITIONS = DEBUG;
				SWIFT_OPTIMIZATION_LEVEL = "-Onone";
			};
			name = Debug;
		};
		9E8FAD1B2A2200E00069446B /* Release */ = {
			isa = XCBuildConfiguration;
			buildSettings = {
				ALWAYS_SEARCH_USER_PATHS = NO;
				CLANG_ANALYZER_NONNULL = YES;
				CLANG_ANALYZER_NUMBER_OBJECT_CONVERSION = YES_AGGRESSIVE;
				CLANG_CXX_LANGUAGE_STANDARD = "gnu++20";
				CLANG_ENABLE_MODULES = YES;
				CLANG_ENABLE_OBJC_ARC = YES;
				CLANG_ENABLE_OBJC_WEAK = YES;
				CLANG_WARN_BLOCK_CAPTURE_AUTORELEASING = YES;
				CLANG_WARN_BOOL_CONVERSION = YES;
				CLANG_WARN_COMMA = YES;
				CLANG_WARN_CONSTANT_CONVERSION = YES;
				CLANG_WARN_DEPRECATED_OBJC_IMPLEMENTATIONS = YES;
				CLANG_WARN_DIRECT_OBJC_ISA_USAGE = YES_ERROR;
				CLANG_WARN_DOCUMENTATION_COMMENTS = YES;
				CLANG_WARN_EMPTY_BODY = YES;
				CLANG_WARN_ENUM_CONVERSION = YES;
				CLANG_WARN_INFINITE_RECURSION = YES;
				CLANG_WARN_INT_CONVERSION = YES;
				CLANG_WARN_NON_LITERAL_NULL_CONVERSION = YES;
				CLANG_WARN_OBJC_IMPLICIT_RETAIN_SELF = YES;
				CLANG_WARN_OBJC_LITERAL_CONVERSION = YES;
				CLANG_WARN_OBJC_ROOT_CLASS = YES_ERROR;
				CLANG_WARN_QUOTED_INCLUDE_IN_FRAMEWORK_HEADER = YES;
				CLANG_WARN_RANGE_LOOP_ANALYSIS = YES;
				CLANG_WARN_STRICT_PROTOTYPES = YES;
				CLANG_WARN_SUSPICIOUS_MOVE = YES;
				CLANG_WARN_UNGUARDED_AVAILABILITY = YES_AGGRESSIVE;
				CLANG_WARN_UNREACHABLE_CODE = YES;
				CLANG_WARN__DUPLICATE_METHOD_MATCH = YES;
				COPY_PHASE_STRIP = NO;
				DEBUG_INFORMATION_FORMAT = "dwarf-with-dsym";
				ENABLE_NS_ASSERTIONS = NO;
				ENABLE_STRICT_OBJC_MSGSEND = YES;
				GCC_C_LANGUAGE_STANDARD = gnu11;
				GCC_NO_COMMON_BLOCKS = YES;
				GCC_WARN_64_TO_32_BIT_CONVERSION = YES;
				GCC_WARN_ABOUT_RETURN_TYPE = YES_ERROR;
				GCC_WARN_UNDECLARED_SELECTOR = YES;
				GCC_WARN_UNINITIALIZED_AUTOS = YES_AGGRESSIVE;
				GCC_WARN_UNUSED_FUNCTION = YES;
				GCC_WARN_UNUSED_VARIABLE = YES;
				IPHONEOS_DEPLOYMENT_TARGET = 16.2;
				MTL_ENABLE_DEBUG_INFO = NO;
				MTL_FAST_MATH = YES;
				SDKROOT = iphoneos;
				SWIFT_COMPILATION_MODE = wholemodule;
				SWIFT_OPTIMIZATION_LEVEL = "-O";
				VALIDATE_PRODUCT = YES;
			};
			name = Release;
		};
		9E8FAD1D2A2200E00069446B /* Debug */ = {
			isa = XCBuildConfiguration;
			buildSettings = {
				ASSETCATALOG_COMPILER_APPICON_NAME = AppIcon;
				ASSETCATALOG_COMPILER_GLOBAL_ACCENT_COLOR_NAME = AccentColor;
				CODE_SIGN_STYLE = Automatic;
				CURRENT_PROJECT_VERSION = 1;
				DEVELOPMENT_TEAM = 56GJJ22ADR;
				GENERATE_INFOPLIST_FILE = YES;
				INFOPLIST_FILE = MusicPlayer/Info.plist;
				INFOPLIST_KEY_UIApplicationSupportsIndirectInputEvents = YES;
				INFOPLIST_KEY_UILaunchStoryboardName = LaunchScreen;
				INFOPLIST_KEY_UISupportedInterfaceOrientations = UIInterfaceOrientationPortrait;
				INFOPLIST_KEY_UISupportedInterfaceOrientations_iPad = "UIInterfaceOrientationLandscapeLeft UIInterfaceOrientationLandscapeRight UIInterfaceOrientationPortrait UIInterfaceOrientationPortraitUpsideDown";
				LD_RUNPATH_SEARCH_PATHS = (
					"$(inherited)",
					"@executable_path/Frameworks",
				);
				MARKETING_VERSION = 1.0;
				PRODUCT_BUNDLE_IDENTIFIER = AlexanderKorchak.MusicPlayer;
				PRODUCT_NAME = "$(TARGET_NAME)";
				SUPPORTED_PLATFORMS = "iphoneos iphonesimulator";
				SUPPORTS_MACCATALYST = NO;
				SUPPORTS_MAC_DESIGNED_FOR_IPHONE_IPAD = NO;
				SWIFT_EMIT_LOC_STRINGS = YES;
				SWIFT_VERSION = 5.0;
				TARGETED_DEVICE_FAMILY = 1;
			};
			name = Debug;
		};
		9E8FAD1E2A2200E00069446B /* Release */ = {
			isa = XCBuildConfiguration;
			buildSettings = {
				ASSETCATALOG_COMPILER_APPICON_NAME = AppIcon;
				ASSETCATALOG_COMPILER_GLOBAL_ACCENT_COLOR_NAME = AccentColor;
				CODE_SIGN_STYLE = Automatic;
				CURRENT_PROJECT_VERSION = 1;
				DEVELOPMENT_TEAM = 56GJJ22ADR;
				GENERATE_INFOPLIST_FILE = YES;
				INFOPLIST_FILE = MusicPlayer/Info.plist;
				INFOPLIST_KEY_UIApplicationSupportsIndirectInputEvents = YES;
				INFOPLIST_KEY_UILaunchStoryboardName = LaunchScreen;
				INFOPLIST_KEY_UISupportedInterfaceOrientations = UIInterfaceOrientationPortrait;
				INFOPLIST_KEY_UISupportedInterfaceOrientations_iPad = "UIInterfaceOrientationLandscapeLeft UIInterfaceOrientationLandscapeRight UIInterfaceOrientationPortrait UIInterfaceOrientationPortraitUpsideDown";
				LD_RUNPATH_SEARCH_PATHS = (
					"$(inherited)",
					"@executable_path/Frameworks",
				);
				MARKETING_VERSION = 1.0;
				PRODUCT_BUNDLE_IDENTIFIER = AlexanderKorchak.MusicPlayer;
				PRODUCT_NAME = "$(TARGET_NAME)";
				SUPPORTED_PLATFORMS = "iphoneos iphonesimulator";
				SUPPORTS_MACCATALYST = NO;
				SUPPORTS_MAC_DESIGNED_FOR_IPHONE_IPAD = NO;
				SWIFT_EMIT_LOC_STRINGS = YES;
				SWIFT_VERSION = 5.0;
				TARGETED_DEVICE_FAMILY = 1;
			};
			name = Release;
		};
/* End XCBuildConfiguration section */

/* Begin XCConfigurationList section */
		9E8FAD032A2200DF0069446B /* Build configuration list for PBXProject "MusicPlayer" */ = {
			isa = XCConfigurationList;
			buildConfigurations = (
				9E8FAD1A2A2200E00069446B /* Debug */,
				9E8FAD1B2A2200E00069446B /* Release */,
			);
			defaultConfigurationIsVisible = 0;
			defaultConfigurationName = Release;
		};
		9E8FAD1C2A2200E00069446B /* Build configuration list for PBXNativeTarget "MusicPlayer" */ = {
			isa = XCConfigurationList;
			buildConfigurations = (
				9E8FAD1D2A2200E00069446B /* Debug */,
				9E8FAD1E2A2200E00069446B /* Release */,
			);
			defaultConfigurationIsVisible = 0;
			defaultConfigurationName = Release;
		};
/* End XCConfigurationList section */

/* Begin XCRemoteSwiftPackageReference section */
		9E8FAD252A22031D0069446B /* XCRemoteSwiftPackageReference "SnapKit" */ = {
			isa = XCRemoteSwiftPackageReference;
			repositoryURL = "https://github.com/SnapKit/SnapKit.git";
			requirement = {
				kind = upToNextMajorVersion;
				minimumVersion = 5.0.0;
			};
		};
		9E8FAD282A22033E0069446B /* XCRemoteSwiftPackageReference "RxSwift" */ = {
			isa = XCRemoteSwiftPackageReference;
			repositoryURL = "https://github.com/ReactiveX/RxSwift.git";
			requirement = {
				branch = main;
				kind = branch;
			};
		};
/* End XCRemoteSwiftPackageReference section */

/* Begin XCSwiftPackageProductDependency section */
		9E8FAD262A22031D0069446B /* SnapKit */ = {
			isa = XCSwiftPackageProductDependency;
			package = 9E8FAD252A22031D0069446B /* XCRemoteSwiftPackageReference "SnapKit" */;
			productName = SnapKit;
		};
		9E8FAD292A22033E0069446B /* RxCocoa */ = {
			isa = XCSwiftPackageProductDependency;
			package = 9E8FAD282A22033E0069446B /* XCRemoteSwiftPackageReference "RxSwift" */;
			productName = RxCocoa;
		};
		9E8FAD2B2A22033E0069446B /* RxRelay */ = {
			isa = XCSwiftPackageProductDependency;
			package = 9E8FAD282A22033E0069446B /* XCRemoteSwiftPackageReference "RxSwift" */;
			productName = RxRelay;
		};
		9E8FAD2D2A22033E0069446B /* RxSwift */ = {
			isa = XCSwiftPackageProductDependency;
			package = 9E8FAD282A22033E0069446B /* XCRemoteSwiftPackageReference "RxSwift" */;
			productName = RxSwift;
		};
/* End XCSwiftPackageProductDependency section */
	};
	rootObject = 9E8FAD002A2200DF0069446B /* Project object */;
}
